
Microsoft Visual Studio Solution File, Format Version 12.00
Project("{FAE04EC0-301F-11D3-BF4B-00C04F79EFBC}") = "PL", "PL\PL.csproj", "{AB9C9C20-A6DE-498B-AA5E-2A7035B860CF}"
EndProject
Project("{FAE04EC0-301F-11D3-BF4B-00C04F79EFBC}") = "DAL", "DAL\DAL.csproj", "{52760126-A2F9-4C24-B8ED-9D891D771BFC}"
EndProject
Global
	GlobalSection(SolutionConfigurationPlatforms) = preSolution
		Debug|Any CPU = Debug|Any CPU
		Release|Any CPU = Release|Any CPU
	EndGlobalSection
	GlobalSection(ProjectConfigurationPlatforms) = postSolution
		{AB9C9C20-A6DE-498B-AA5E-2A7035B860CF}.Debug|Any CPU.ActiveCfg = Debug|Any CPU
		{AB9C9C20-A6DE-498B-AA5E-2A7035B860CF}.Debug|Any CPU.Build.0 = Debug|Any CPU
		{AB9C9C20-A6DE-498B-AA5E-2A7035B860CF}.Release|Any CPU.ActiveCfg = Release|Any CPU
		{AB9C9C20-A6DE-498B-AA5E-2A7035B860CF}.Release|Any CPU.Build.0 = Release|Any CPU
		{52760126-A2F9-4C24-B8ED-9D891D771BFC}.Debug|Any CPU.ActiveCfg = Debug|Any CPU
		{52760126-A2F9-4C24-B8ED-9D891D771BFC}.Debug|Any CPU.Build.0 = Debug|Any CPU
		{52760126-A2F9-4C24-B8ED-9D891D771BFC}.Release|Any CPU.ActiveCfg = Release|Any CPU
		{52760126-A2F9-4C24-B8ED-9D891D771BFC}.Release|Any CPU.Build.0 = Release|Any CPU
	EndGlobalSection
EndGlobal
